hash: 52e76ef6b5fd1c990555ae2b024d4fbbb772030aa020ecbabbf7561302863584
updated: 2019-09-04T16:27:04.741962-07:00
imports:
- name: github.com/davecgh/go-spew
  version: ecdeabc65495df2dec95d7c4a4c3e021903035e5
  subpackages:
  - spew
- name: github.com/go-kit/kit
  version: 12210fb6ace19e0496167bb3e667dcd91fa9f69b
  subpackages:
  - endpoint
  - log
  - transport/http
- name: github.com/go-logfmt/logfmt
  version: 390ab7935ee28ec6b286364bba9b4dd6410cb3d5
- name: github.com/kr/logfmt
  version: b84e30acd515aadc4b783ad4ff83aff3299bdfe0
- name: github.com/pmezard/go-difflib
  version: 792786c7400a136282c1664665ae0a8db921c6c2
  subpackages:
  - difflib
- name: github.com/stretchr/objx
  version: ef50b0de28773081167c97fc27cf29a0bf8b8c71
- name: github.com/stretchr/testify
  version: 12b6f73e6084dad08a7c6e575284b177ecafbc71
  subpackages:
  - assert
  - linux
  - mock
  - require
- name: github.com/ugorji/go
  version: 2adff0894ba3bc2eeb9f9aea45fefd49802e1a13
  subpackages:
  - codec
- name: github.com/xmidt-org/webpa-common
  version: 14614c25f8233ee29f05cd7620070b9f7cbde728
  subpackages:
  - tracing
testImports: []
